<?xml version="1.0" encoding="utf-8"?>
<Project ToolsVersion="4.0" xmlns="http://schemas.microsoft.com/developer/msbuild/2003">
  <ItemGroup>
    <Filter Include="Source Files">
      <UniqueIdentifier>{9c9747a0-9eba-4e86-97fe-7df32063b1b6}</UniqueIdentifier>
      <Extensions>cpp;c;cxx;rc;def;r;odl;idl;hpj;bat</Extensions>
    </Filter>
    <Filter Include="Header Files">
      <UniqueIdentifier>{903e68df-4a7d-4b92-9636-3dc6544f93f6}</UniqueIdentifier>
      <Extensions>h;hpp;hxx;hm;inl</Extensions>
    </Filter>
    <Filter Include="Resource Files">
      <UniqueIdentifier>{ea0b71fb-0e93-46bf-be39-9773bfb81fa3}</UniqueIdentifier>
      <Extensions>ico;cur;bmp;dlg;rc2;rct;bin;rgs;gif;jpg;jpeg;jpe</Extensions>
    </Filter>
  </ItemGroup>
  <ItemGroup>
    <ClCompile Include="bmp2png.c">
      <Filter>Source Files</Filter>
    </ClCompile>
    <ClCompile Include="common.c">
      <Filter>Source Files</Filter>
    </ClCompile>
    <ClCompile Include="ds_sph.c">
      <Filter>Source Files</Filter>
    </ClCompile>
    <ClCompile Include="ds_par.c">
      <Filter>Source Files</Filter>
    </ClCompile>
    <ClCompile Include="ds_initialize.c">
      <Filter>Source Files</Filter>
    </ClCompile>
    <ClCompile Include="ds_gua_avl.c">
      <Filter>Source Files</Filter>
    </ClCompile>
    <ClCompile Include="ds_geo.c">
      <Filter>Source Files</Filter>
    </ClCompile>
    <ClCompile Include="ds_file.c">
      <Filter>Source Files</Filter>
    </ClCompile>
    <ClCompile Include="ds_dialog.c">
      <Filter>Source Files</Filter>
    </ClCompile>
    <ClCompile Include="ds_clr_tbl.c">
      <Filter>Source Files</Filter>
    </ClCompile>
    <ClCompile Include="ds_matrix.c">
      <Filter>Source Files</Filter>
    </ClCompile>
    <ClCompile Include="ds_gl.c">
      <Filter>Source Files</Filter>
    </ClCompile>
    <ClCompile Include="ds_dialog_custom.c">
      <Filter>Source Files</Filter>
    </ClCompile>
    <ClCompile Include="ds_labels.c">
      <Filter>Source Files</Filter>
    </ClCompile>
    <ClCompile Include="ds_dialog2.c">
      <Filter>Source Files</Filter>
    </ClCompile>
    <ClCompile Include="ds_cmd_line_lib.c">
      <Filter>Source Files</Filter>
    </ClCompile>
    <ClCompile Include="ds_cmd_line.c">
      <Filter>Source Files</Filter>
    </ClCompile>
    <ClCompile Include="ds_state.c">
      <Filter>Source Files</Filter>
    </ClCompile>
  </ItemGroup>
  <ItemGroup>
    <ClInclude Include="resource.h">
      <Filter>Header Files</Filter>
    </ClInclude>
    <ClInclude Include="common.h">
      <Filter>Header Files</Filter>
    </ClInclude>
    <ClInclude Include="bmphed.h">
      <Filter>Header Files</Filter>
    </ClInclude>
    <ClInclude Include="ds_color.h">
      <Filter>Header Files</Filter>
    </ClInclude>
    <ClInclude Include="ds_file.h">
      <Filter>Header Files</Filter>
    </ClInclude>
    <ClInclude Include="ds_gua.h">
      <Filter>Header Files</Filter>
    </ClInclude>
    <ClInclude Include="ds_par.h">
      <Filter>Header Files</Filter>
    </ClInclude>
    <ClInclude Include="ds_sph.h">
      <Filter>Header Files</Filter>
    </ClInclude>
    <ClInclude Include="ds_cmd_line.h">
      <Filter>Header Files</Filter>
    </ClInclude>
  </ItemGroup>
  <ItemGroup>
    <Image Include="bitmap1.bmp">
      <Filter>Resource Files</Filter>
    </Image>
    <Image Include="bitmap2.bmp">
      <Filter>Resource Files</Filter>
    </Image>
    <Image Include="ds_sph.ico">
      <Filter>Resource Files</Filter>
    </Image>
  </ItemGroup>
  <ItemGroup>
    <None Include="packages.config" />
  </ItemGroup>
  <ItemGroup>
    <ResourceCompile Include="ds_menu.rc">
      <Filter>Resource Files</Filter>
    </ResourceCompile>
  </ItemGroup>
</Project>